
Microsoft Visual Studio Solution File, Format Version 12.00
# Visual Studio Version 17
VisualStudioVersion = 17.6.33829.357
MinimumVisualStudioVersion = 10.0.40219.1
Project("{9A19103F-16F7-4668-BE54-9A1E7A4F7556}") = "WinForms", "WinForms\WinForms.csproj", "{D8702988-8A69-4ECC-B469-D5CDCCBBFD3C}"
EndProject
Project("{9A19103F-16F7-4668-BE54-9A1E7A4F7556}") = "VisualLib", "VisualLib\VisualLib.csproj", "{32C8F689-B9C1-4EF1-A324-793DC43B5AC3}"
EndProject
Project("{9A19103F-16F7-4668-BE54-9A1E7A4F7556}") = "LibTest", "LibTest\LibTest.csproj", "{9641FA45-9FD0-4C7F-95A6-C2E74112AB5C}"
EndProject
Project("{9A19103F-16F7-4668-BE54-9A1E7A4F7556}") = "PInvoke", "PInvoke\PInvoke.csproj", "{64F763E7-ECE0-446C-A445-1D202CE579C3}"
EndProject
Project("{9A19103F-16F7-4668-BE54-9A1E7A4F7556}") = "PInvoke2", "PInvoke2\PInvoke2.csproj", "{8CB7CF62-2CB9-4117-A3B3-5D9435177DC4}"
EndProject
Project("{8BC9CEB8-8B4A-11D0-8D11-00A0C91BC942}") = "NativeDll", "NativeDll\NativeDll.vcxproj", "{413A083B-57A6-4D67-BB27-B653022653AB}"
EndProject
Project("{9A19103F-16F7-4668-BE54-9A1E7A4F7556}") = "ComModule", "ComModule\ComModule.csproj", "{463A84AC-3B20-47CC-ADFA-2707AB482D22}"
EndProject
Project("{FAE04EC0-301F-11D3-BF4B-00C04F79EFBC}") = "AsyncAwait方法", "AsyncAwait方法\AsyncAwait方法.csproj", "{95D21EBA-0D3E-46C7-BC18-90C418134726}"
EndProject
Global
	GlobalSection(SolutionConfigurationPlatforms) = preSolution
		Debug|Any CPU = Debug|Any CPU
		Debug|x64 = Debug|x64
		Debug|x86 = Debug|x86
		Release|Any CPU = Release|Any CPU
		Release|x64 = Release|x64
		Release|x86 = Release|x86
	EndGlobalSection
	GlobalSection(ProjectConfigurationPlatforms) = postSolution
		{D8702988-8A69-4ECC-B469-D5CDCCBBFD3C}.Debug|Any CPU.ActiveCfg = Debug|Any CPU
		{D8702988-8A69-4ECC-B469-D5CDCCBBFD3C}.Debug|Any CPU.Build.0 = Debug|Any CPU
		{D8702988-8A69-4ECC-B469-D5CDCCBBFD3C}.Debug|x64.ActiveCfg = Debug|Any CPU
		{D8702988-8A69-4ECC-B469-D5CDCCBBFD3C}.Debug|x64.Build.0 = Debug|Any CPU
		{D8702988-8A69-4ECC-B469-D5CDCCBBFD3C}.Debug|x86.ActiveCfg = Debug|Any CPU
		{D8702988-8A69-4ECC-B469-D5CDCCBBFD3C}.Debug|x86.Build.0 = Debug|Any CPU
		{D8702988-8A69-4ECC-B469-D5CDCCBBFD3C}.Release|Any CPU.ActiveCfg = Release|Any CPU
		{D8702988-8A69-4ECC-B469-D5CDCCBBFD3C}.Release|Any CPU.Build.0 = Release|Any CPU
		{D8702988-8A69-4ECC-B469-D5CDCCBBFD3C}.Release|x64.ActiveCfg = Release|Any CPU
		{D8702988-8A69-4ECC-B469-D5CDCCBBFD3C}.Release|x64.Build.0 = Release|Any CPU
		{D8702988-8A69-4ECC-B469-D5CDCCBBFD3C}.Release|x86.ActiveCfg = Release|Any CPU
		{D8702988-8A69-4ECC-B469-D5CDCCBBFD3C}.Release|x86.Build.0 = Release|Any CPU
		{32C8F689-B9C1-4EF1-A324-793DC43B5AC3}.Debug|Any CPU.ActiveCfg = Debug|Any CPU
		{32C8F689-B9C1-4EF1-A324-793DC43B5AC3}.Debug|Any CPU.Build.0 = Debug|Any CPU
		{32C8F689-B9C1-4EF1-A324-793DC43B5AC3}.Debug|x64.ActiveCfg = Debug|Any CPU
		{32C8F689-B9C1-4EF1-A324-793DC43B5AC3}.Debug|x64.Build.0 = Debug|Any CPU
		{32C8F689-B9C1-4EF1-A324-793DC43B5AC3}.Debug|x86.ActiveCfg = Debug|Any CPU
		{32C8F689-B9C1-4EF1-A324-793DC43B5AC3}.Debug|x86.Build.0 = Debug|Any CPU
		{32C8F689-B9C1-4EF1-A324-793DC43B5AC3}.Release|Any CPU.ActiveCfg = Release|Any CPU
		{32C8F689-B9C1-4EF1-A324-793DC43B5AC3}.Release|Any CPU.Build.0 = Release|Any CPU
		{32C8F689-B9C1-4EF1-A324-793DC43B5AC3}.Release|x64.ActiveCfg = Release|Any CPU
		{32C8F689-B9C1-4EF1-A324-793DC43B5AC3}.Release|x64.Build.0 = Release|Any CPU
		{32C8F689-B9C1-4EF1-A324-793DC43B5AC3}.Release|x86.ActiveCfg = Release|Any CPU
		{32C8F689-B9C1-4EF1-A324-793DC43B5AC3}.Release|x86.Build.0 = Release|Any CPU
		{9641FA45-9FD0-4C7F-95A6-C2E74112AB5C}.Debug|Any CPU.ActiveCfg = Debug|Any CPU
		{9641FA45-9FD0-4C7F-95A6-C2E74112AB5C}.Debug|Any CPU.Build.0 = Debug|Any CPU
		{9641FA45-9FD0-4C7F-95A6-C2E74112AB5C}.Debug|x64.ActiveCfg = Debug|Any CPU
		{9641FA45-9FD0-4C7F-95A6-C2E74112AB5C}.Debug|x64.Build.0 = Debug|Any CPU
		{9641FA45-9FD0-4C7F-95A6-C2E74112AB5C}.Debug|x86.ActiveCfg = Debug|Any CPU
		{9641FA45-9FD0-4C7F-95A6-C2E74112AB5C}.Debug|x86.Build.0 = Debug|Any CPU
		{9641FA45-9FD0-4C7F-95A6-C2E74112AB5C}.Release|Any CPU.ActiveCfg = Release|Any CPU
		{9641FA45-9FD0-4C7F-95A6-C2E74112AB5C}.Release|Any CPU.Build.0 = Release|Any CPU
		{9641FA45-9FD0-4C7F-95A6-C2E74112AB5C}.Release|x64.ActiveCfg = Release|Any CPU
		{9641FA45-9FD0-4C7F-95A6-C2E74112AB5C}.Release|x64.Build.0 = Release|Any CPU
		{9641FA45-9FD0-4C7F-95A6-C2E74112AB5C}.Release|x86.ActiveCfg = Release|Any CPU
		{9641FA45-9FD0-4C7F-95A6-C2E74112AB5C}.Release|x86.Build.0 = Release|Any CPU
		{64F763E7-ECE0-446C-A445-1D202CE579C3}.Debug|Any CPU.ActiveCfg = Debug|Any CPU
		{64F763E7-ECE0-446C-A445-1D202CE579C3}.Debug|Any CPU.Build.0 = Debug|Any CPU
		{64F763E7-ECE0-446C-A445-1D202CE579C3}.Debug|x64.ActiveCfg = Debug|Any CPU
		{64F763E7-ECE0-446C-A445-1D202CE579C3}.Debug|x64.Build.0 = Debug|Any CPU
		{64F763E7-ECE0-446C-A445-1D202CE579C3}.Debug|x86.ActiveCfg = Debug|Any CPU
		{64F763E7-ECE0-446C-A445-1D202CE579C3}.Debug|x86.Build.0 = Debug|Any CPU
		{64F763E7-ECE0-446C-A445-1D202CE579C3}.Release|Any CPU.ActiveCfg = Release|Any CPU
		{64F763E7-ECE0-446C-A445-1D202CE579C3}.Release|Any CPU.Build.0 = Release|Any CPU
		{64F763E7-ECE0-446C-A445-1D202CE579C3}.Release|x64.ActiveCfg = Release|Any CPU
		{64F763E7-ECE0-446C-A445-1D202CE579C3}.Release|x64.Build.0 = Release|Any CPU
		{64F763E7-ECE0-446C-A445-1D202CE579C3}.Release|x86.ActiveCfg = Release|Any CPU
		{64F763E7-ECE0-446C-A445-1D202CE579C3}.Release|x86.Build.0 = Release|Any CPU
		{8CB7CF62-2CB9-4117-A3B3-5D9435177DC4}.Debug|Any CPU.ActiveCfg = Debug|Any CPU
		{8CB7CF62-2CB9-4117-A3B3-5D9435177DC4}.Debug|Any CPU.Build.0 = Debug|Any CPU
		{8CB7CF62-2CB9-4117-A3B3-5D9435177DC4}.Debug|x64.ActiveCfg = Debug|Any CPU
		{8CB7CF62-2CB9-4117-A3B3-5D9435177DC4}.Debug|x64.Build.0 = Debug|Any CPU
		{8CB7CF62-2CB9-4117-A3B3-5D9435177DC4}.Debug|x86.ActiveCfg = Debug|Any CPU
		{8CB7CF62-2CB9-4117-A3B3-5D9435177DC4}.Debug|x86.Build.0 = Debug|Any CPU
		{8CB7CF62-2CB9-4117-A3B3-5D9435177DC4}.Release|Any CPU.ActiveCfg = Release|Any CPU
		{8CB7CF62-2CB9-4117-A3B3-5D9435177DC4}.Release|Any CPU.Build.0 = Release|Any CPU
		{8CB7CF62-2CB9-4117-A3B3-5D9435177DC4}.Release|x64.ActiveCfg = Release|Any CPU
		{8CB7CF62-2CB9-4117-A3B3-5D9435177DC4}.Release|x64.Build.0 = Release|Any CPU
		{8CB7CF62-2CB9-4117-A3B3-5D9435177DC4}.Release|x86.ActiveCfg = Release|Any CPU
		{8CB7CF62-2CB9-4117-A3B3-5D9435177DC4}.Release|x86.Build.0 = Release|Any CPU
		{413A083B-57A6-4D67-BB27-B653022653AB}.Debug|Any CPU.ActiveCfg = Debug|x64
		{413A083B-57A6-4D67-BB27-B653022653AB}.Debug|Any CPU.Build.0 = Debug|x64
		{413A083B-57A6-4D67-BB27-B653022653AB}.Debug|x64.ActiveCfg = Debug|x64
		{413A083B-57A6-4D67-BB27-B653022653AB}.Debug|x64.Build.0 = Debug|x64
		{413A083B-57A6-4D67-BB27-B653022653AB}.Debug|x86.ActiveCfg = Debug|Win32
		{413A083B-57A6-4D67-BB27-B653022653AB}.Debug|x86.Build.0 = Debug|Win32
		{413A083B-57A6-4D67-BB27-B653022653AB}.Release|Any CPU.ActiveCfg = Release|x64
		{413A083B-57A6-4D67-BB27-B653022653AB}.Release|Any CPU.Build.0 = Release|x64
		{413A083B-57A6-4D67-BB27-B653022653AB}.Release|x64.ActiveCfg = Release|x64
		{413A083B-57A6-4D67-BB27-B653022653AB}.Release|x64.Build.0 = Release|x64
		{413A083B-57A6-4D67-BB27-B653022653AB}.Release|x86.ActiveCfg = Release|Win32
		{413A083B-57A6-4D67-BB27-B653022653AB}.Release|x86.Build.0 = Release|Win32
		{463A84AC-3B20-47CC-ADFA-2707AB482D22}.Debug|Any CPU.ActiveCfg = Debug|Any CPU
		{463A84AC-3B20-47CC-ADFA-2707AB482D22}.Debug|Any CPU.Build.0 = Debug|Any CPU
		{463A84AC-3B20-47CC-ADFA-2707AB482D22}.Debug|x64.ActiveCfg = Debug|Any CPU
		{463A84AC-3B20-47CC-ADFA-2707AB482D22}.Debug|x64.Build.0 = Debug|Any CPU
		{463A84AC-3B20-47CC-ADFA-2707AB482D22}.Debug|x86.ActiveCfg = Debug|Any CPU
		{463A84AC-3B20-47CC-ADFA-2707AB482D22}.Debug|x86.Build.0 = Debug|Any CPU
		{463A84AC-3B20-47CC-ADFA-2707AB482D22}.Release|Any CPU.ActiveCfg = Release|Any CPU
		{463A84AC-3B20-47CC-ADFA-2707AB482D22}.Release|Any CPU.Build.0 = Release|Any CPU
		{463A84AC-3B20-47CC-ADFA-2707AB482D22}.Release|x64.ActiveCfg = Release|Any CPU
		{463A84AC-3B20-47CC-ADFA-2707AB482D22}.Release|x64.Build.0 = Release|Any CPU
		{463A84AC-3B20-47CC-ADFA-2707AB482D22}.Release|x86.ActiveCfg = Release|Any CPU
		{463A84AC-3B20-47CC-ADFA-2707AB482D22}.Release|x86.Build.0 = Release|Any CPU
		{95D21EBA-0D3E-46C7-BC18-90C418134726}.Debug|Any CPU.ActiveCfg = Debug|Any CPU
		{95D21EBA-0D3E-46C7-BC18-90C418134726}.Debug|Any CPU.Build.0 = Debug|Any CPU
		{95D21EBA-0D3E-46C7-BC18-90C418134726}.Debug|x64.ActiveCfg = Debug|Any CPU
		{95D21EBA-0D3E-46C7-BC18-90C418134726}.Debug|x64.Build.0 = Debug|Any CPU
		{95D21EBA-0D3E-46C7-BC18-90C418134726}.Debug|x86.ActiveCfg = Debug|Any CPU
		{95D21EBA-0D3E-46C7-BC18-90C418134726}.Debug|x86.Build.0 = Debug|Any CPU
		{95D21EBA-0D3E-46C7-BC18-90C418134726}.Release|Any CPU.ActiveCfg = Release|Any CPU
		{95D21EBA-0D3E-46C7-BC18-90C418134726}.Release|Any CPU.Build.0 = Release|Any CPU
		{95D21EBA-0D3E-46C7-BC18-90C418134726}.Release|x64.ActiveCfg = Release|Any CPU
		{95D21EBA-0D3E-46C7-BC18-90C418134726}.Release|x64.Build.0 = Release|Any CPU
		{95D21EBA-0D3E-46C7-BC18-90C418134726}.Release|x86.ActiveCfg = Release|Any CPU
		{95D21EBA-0D3E-46C7-BC18-90C418134726}.Release|x86.Build.0 = Release|Any CPU
	EndGlobalSection
	GlobalSection(SolutionProperties) = preSolution
		HideSolutionNode = FALSE
	EndGlobalSection
	GlobalSection(ExtensibilityGlobals) = postSolution
		SolutionGuid = {C0FCB47B-A23A-450C-96FE-F75FA62169AB}
	EndGlobalSection
EndGlobal
